
Microsoft Visual Studio Solution File, Format Version 12.00
# Visual Studio Version 17
VisualStudioVersion = 17.13.35828.75 d17.13
MinimumVisualStudioVersion = 10.0.40219.1
Project("{FAE04EC0-301F-11D3-BF4B-00C04F79EFBC}") = "WindowsFormsApp6", "WindowsFormsApp6.csproj", "{BE3D468C-4ECC-4329-85B6-9E156192975C}"
EndProject
Global
	GlobalSection(SolutionConfigurationPlatforms) = preSolution
		Debug|Any CPU = Debug|Any CPU
		Release|Any CPU = Release|Any CPU
	EndGlobalSection
	GlobalSection(ProjectConfigurationPlatforms) = postSolution
		{BE3D468C-4ECC-4329-85B6-9E156192975C}.Debug|Any CPU.ActiveCfg = Debug|Any CPU
		{BE3D468C-4ECC-4329-85B6-9E156192975C}.Debug|Any CPU.Build.0 = Debug|Any CPU
		{BE3D468C-4ECC-4329-85B6-9E156192975C}.Release|Any CPU.ActiveCfg = Release|Any CPU
		{BE3D468C-4ECC-4329-85B6-9E156192975C}.Release|Any CPU.Build.0 = Release|Any CPU
	EndGlobalSection
	GlobalSection(SolutionProperties) = preSolution
		HideSolutionNode = FALSE
	EndGlobalSection
	GlobalSection(ExtensibilityGlobals) = postSolution
		SolutionGuid = {8A34E12B-5E4D-40BC-A921-435492C8F342}
	EndGlobalSection
EndGlobal
